{
  "nodes": {
    "flake-utils": {
      "locked": {
        "lastModified": 1620759905,
        "narHash": "sha256-WiyWawrgmyN0EdmiHyG2V+fqReiVi8bM9cRdMaKQOFg=",
        "owner": "numtide",
        "repo": "flake-utils",
        "rev": "b543720b25df6ffdfcf9227afafc5b8c1fabfae8",
        "type": "github"
      },
      "original": {
        "owner": "numtide",
        "repo": "flake-utils",
        "type": "github"
      }
    },
    "home-manager": {
      "inputs": {
        "nixpkgs": [
          "nixos-home",
          "nixpkgs"
        ]
      },
      "locked": {
        "lastModified": 1653937612,
        "narHash": "sha256-HybwffYKOM3UwlY54ZVCZgX7o5xpp2KhbZyyOnvwFMo=",
        "owner": "nix-community",
        "repo": "home-manager",
        "rev": "bda2c80b4c1a8d85c84c343a25ac7303fbc7999d",
        "type": "github"
      },
      "original": {
        "owner": "nix-community",
        "ref": "release-22.05",
        "repo": "home-manager",
        "type": "github"
      }
    },
    "ml-pkgs": {
      "inputs": {
        "nixpkgs": [
          "vital-modules",
          "nixpkgs"
        ],
        "utils": "utils"
      },
      "locked": {
        "lastModified": 1660598762,
        "narHash": "sha256-kT+3ovJhQ+il7XMsFN0i925q+lj+xuERpkMbOTXYrng=",
        "owner": "nixvital",
        "repo": "ml-pkgs",
        "rev": "79518492c8020ce56a8a08cd11b8091fb9d4e498",
        "type": "github"
      },
      "original": {
        "owner": "nixvital",
        "repo": "ml-pkgs",
        "type": "github"
      }
    },
    "nixos-home": {
      "inputs": {
        "home-manager": "home-manager",
        "nixpkgs": [
          "nixpkgs"
        ]
      },
      "locked": {
        "lastModified": 1664856145,
        "narHash": "sha256-krpSDPUD393SOcd0gyR4juRHD0Y2jrNuQ+sGmYxLeRA=",
        "owner": "breakds",
        "repo": "nixos-home",
        "rev": "6fdfb48c421dd86a8e2141b3ca36c8e3d0ce4914",
        "type": "github"
      },
      "original": {
        "owner": "breakds",
        "repo": "nixos-home",
        "type": "github"
      }
    },
    "nixpkgs": {
      "locked": {
        "lastModified": 1664029467,
        "narHash": "sha256-ir7JbsLp2mqseCs3qI+Z/pkt+Gh+GfANbYcI5I+Gvnk=",
        "owner": "NixOS",
        "repo": "nixpkgs",
        "rev": "893b6b9f6c4ed0c7efdb84bd300a499a2da9fa51",
        "type": "github"
      },
      "original": {
        "owner": "NixOS",
        "ref": "nixos-22.05",
        "repo": "nixpkgs",
        "type": "github"
      }
    },
    "nixpkgs-unstable": {
      "locked": {
        "lastModified": 1622437901,
        "narHash": "sha256-ww6EcXDmOgJbx2DOGAW6PbIQK3K/WGCpFYW4yNyP/XM=",
        "owner": "NixOS",
        "repo": "nixpkgs",
        "rev": "f924460e91cba6473c5dc4b8ccb1a1cfc05bc2d7",
        "type": "github"
      },
      "original": {
        "owner": "NixOS",
        "repo": "nixpkgs",
        "rev": "f924460e91cba6473c5dc4b8ccb1a1cfc05bc2d7",
        "type": "github"
      }
    },
    "nixpkgs-unstable_2": {
      "locked": {
        "lastModified": 1622437901,
        "narHash": "sha256-ww6EcXDmOgJbx2DOGAW6PbIQK3K/WGCpFYW4yNyP/XM=",
        "owner": "NixOS",
        "repo": "nixpkgs",
        "rev": "f924460e91cba6473c5dc4b8ccb1a1cfc05bc2d7",
        "type": "github"
      },
      "original": {
        "owner": "NixOS",
        "repo": "nixpkgs",
        "rev": "f924460e91cba6473c5dc4b8ccb1a1cfc05bc2d7",
        "type": "github"
      }
    },
    "root": {
      "inputs": {
        "nixos-home": "nixos-home",
        "nixpkgs": "nixpkgs",
        "vital-modules": "vital-modules"
      }
    },
    "utils": {
      "locked": {
        "lastModified": 1623875721,
        "narHash": "sha256-A8BU7bjS5GirpAUv4QA+QnJ4CceLHkcXdRp4xITDB0s=",
        "owner": "numtide",
        "repo": "flake-utils",
        "rev": "f7e004a55b120c02ecb6219596820fcd32ca8772",
        "type": "github"
      },
      "original": {
        "owner": "numtide",
        "repo": "flake-utils",
        "type": "github"
      }
    },
    "vital-modules": {
      "inputs": {
        "ml-pkgs": "ml-pkgs",
        "nixpkgs": [
          "nixpkgs"
        ],
        "nixpkgs-unstable": "nixpkgs-unstable",
        "vitalpkgs": "vitalpkgs"
      },
      "locked": {
        "lastModified": 1664594861,
        "narHash": "sha256-k1UHVSUmXpGjxeJfOIo0GUE45r/fcVIHrMqJmtLlknM=",
        "owner": "nixvital",
        "repo": "vital-modules",
        "rev": "b6ddcd10b03362e7f2e55126bb9bc8ba71766a49",
        "type": "github"
      },
      "original": {
        "owner": "nixvital",
        "repo": "vital-modules",
        "type": "github"
      }
    },
    "vitalpkgs": {
      "inputs": {
        "flake-utils": "flake-utils",
        "nixpkgs": [
          "vital-modules",
          "nixpkgs"
        ],
        "nixpkgs-unstable": "nixpkgs-unstable_2"
      },
      "locked": {
        "lastModified": 1624379137,
        "narHash": "sha256-7PHIkXDQyshOZ2ZWAIIPU61MyimUwepQ7LO5z7SNP2o=",
        "owner": "nixvital",
        "repo": "vitalpkgs",
        "rev": "90396203572cace08be4353d0c59f1b29427120e",
        "type": "github"
      },
      "original": {
        "owner": "nixvital",
        "repo": "vitalpkgs",
        "type": "github"
      }
    }
  },
  "root": "root",
  "version": 7
}
