{
  "nodes": {
    "flake-utils": {
      "locked": {
        "lastModified": 1620759905,
        "narHash": "sha256-WiyWawrgmyN0EdmiHyG2V+fqReiVi8bM9cRdMaKQOFg=",
        "owner": "numtide",
        "repo": "flake-utils",
        "rev": "b543720b25df6ffdfcf9227afafc5b8c1fabfae8",
        "type": "github"
      },
      "original": {
        "owner": "numtide",
        "repo": "flake-utils",
        "type": "github"
      }
    },
    "home-manager": {
      "inputs": {
        "nixpkgs": [
          "nixpkgs"
        ]
      },
      "locked": {
        "lastModified": 1612902587,
        "narHash": "sha256-VZ7Z1OMFf5ReObu3CCVBsC2DWloTYDjqW1onUKejVrE=",
        "owner": "nix-community",
        "repo": "home-manager",
        "rev": "209566c752c4428c7692c134731971193f06b37c",
        "type": "github"
      },
      "original": {
        "owner": "nix-community",
        "ref": "release-20.09",
        "repo": "home-manager",
        "type": "github"
      }
    },
    "nixos-home": {
      "inputs": {
        "home-manager": "home-manager",
        "nixpkgs": [
          "nixpkgs"
        ]
      },
      "locked": {
        "lastModified": 1622653910,
        "narHash": "sha256-5B1tUMP/PRqRhaLg7igcWXet/zIwFmXXf+TCelka9zQ=",
        "owner": "breakds",
        "repo": "nixos-home",
        "rev": "68a1b7f7e4f875e90527b8e26aea10131be84ad6",
        "type": "github"
      },
      "original": {
        "owner": "breakds",
        "repo": "nixos-home",
        "type": "github"
      }
    },
    "nixpkgs": {
      "locked": {
        "lastModified": 1622689964,
        "narHash": "sha256-SDvBKMlTtRoMjNrfOMMO+7VNRW7AomvOt1uZK7gg37o=",
        "owner": "NixOS",
        "repo": "nixpkgs",
        "rev": "47e580e291ff40bbde191e9fed35128727963b0c",
        "type": "github"
      },
      "original": {
        "owner": "NixOS",
        "ref": "nixos-20.09",
        "repo": "nixpkgs",
        "type": "github"
      }
    },
    "nixpkgs-unstable": {
      "locked": {
        "lastModified": 1622437901,
        "narHash": "sha256-ww6EcXDmOgJbx2DOGAW6PbIQK3K/WGCpFYW4yNyP/XM=",
        "owner": "NixOS",
        "repo": "nixpkgs",
        "rev": "f924460e91cba6473c5dc4b8ccb1a1cfc05bc2d7",
        "type": "github"
      },
      "original": {
        "owner": "NixOS",
        "repo": "nixpkgs",
        "rev": "f924460e91cba6473c5dc4b8ccb1a1cfc05bc2d7",
        "type": "github"
      }
    },
    "nixpkgs-unstable_2": {
      "locked": {
        "lastModified": 1622437901,
        "narHash": "sha256-ww6EcXDmOgJbx2DOGAW6PbIQK3K/WGCpFYW4yNyP/XM=",
        "owner": "NixOS",
        "repo": "nixpkgs",
        "rev": "f924460e91cba6473c5dc4b8ccb1a1cfc05bc2d7",
        "type": "github"
      },
      "original": {
        "owner": "NixOS",
        "repo": "nixpkgs",
        "rev": "f924460e91cba6473c5dc4b8ccb1a1cfc05bc2d7",
        "type": "github"
      }
    },
    "root": {
      "inputs": {
        "nixos-home": "nixos-home",
        "nixpkgs": "nixpkgs",
        "vital-modules": "vital-modules"
      }
    },
    "vital-modules": {
      "inputs": {
        "nixpkgs": [
          "nixpkgs"
        ],
        "nixpkgs-unstable": "nixpkgs-unstable",
        "vitalpkgs": "vitalpkgs"
      },
      "locked": {
        "lastModified": 1622998087,
        "narHash": "sha256-OZwKRwuyGfYXuScUbOXoKTc9hHQyzq+hUfRdlSunWNg=",
        "owner": "nixvital",
        "repo": "vital-modules",
        "rev": "01b2ab988d71ce00cb9020983de1ee0f60176c7b",
        "type": "github"
      },
      "original": {
        "owner": "nixvital",
        "ref": "nixos-20.09",
        "repo": "vital-modules",
        "type": "github"
      }
    },
    "vitalpkgs": {
      "inputs": {
        "flake-utils": "flake-utils",
        "nixpkgs": [
          "nixpkgs"
        ],
        "nixpkgs-unstable": "nixpkgs-unstable_2"
      },
      "locked": {
        "lastModified": 1622488457,
        "narHash": "sha256-t+ymFpkMMmS8epZ4/NQeWNG2RmeY1A8yYERAovJOEjs=",
        "owner": "nixvital",
        "repo": "vitalpkgs",
        "rev": "e6234eca28d1706f739465da6297cd8cd5c2eb9f",
        "type": "github"
      },
      "original": {
        "owner": "nixvital",
        "repo": "vitalpkgs",
        "type": "github"
      }
    }
  },
  "root": "root",
  "version": 7
}
